# This file is automatically @generated by Cargo.
# It is not intended for manual editing.
version = 4

[[package]]
name = "jackfield"
version = "0.1.0"

[[package]]
name = "jackfield-engine"
version = "0.1.0"

[[package]]
name = "jackfield-nmos"
version = "0.1.0"

[[package]]
name = "jackfield-tui"
version = "0.1.0"
